PODS:
  - SwiftLint (0.31.0)
  - Swinject (2.5.0)

DEPENDENCIES:
  - SwiftLint
  - Swinject

SPEC REPOS:
  https://github.com/cocoapods/specs.git:
    - SwiftLint
    - Swinject

SPEC CHECKSUMS:
  SwiftLint: 7a0227733d786395817373b2d0ca799fd0093ff3
  Swinject: 82cdb851f63f91bba974e3eca1d69780f2f7677e

PODFILE CHECKSUM: 6ef3f76ef1fb5aed1143f1c3df9ccb2fc59060c8

COCOAPODS: 1.5.3
