// !$*UTF8*$!
{
	archiveVersion = 1;
	classes = {
	};
	objectVersion = 50;
	objects = {

/* Begin PBXBuildFile section */
		781268DF223021A900DE91B4 /* UIViewController+StoryboardID.swift in Sources */ = {isa = PBXBuildFile; fileRef = 781268DE223021A900DE91B4 /* UIViewController+StoryboardID.swift */; };
		781268E1223021D100DE91B4 /* StoryboardName.swift in Sources */ = {isa = PBXBuildFile; fileRef = 781268E0223021D100DE91B4 /* StoryboardName.swift */; };
		781268E5223022F700DE91B4 /* IChatsService.swift in Sources */ = {isa = PBXBuildFile; fileRef = 781268E4223022F700DE91B4 /* IChatsService.swift */; };
		781268E72230232D00DE91B4 /* ServiceAssembly.swift in Sources */ = {isa = PBXBuildFile; fileRef = 781268E62230232D00DE91B4 /* ServiceAssembly.swift */; };
		781268E92230235900DE91B4 /* ChatsService.swift in Sources */ = {isa = PBXBuildFile; fileRef = 781268E82230235900DE91B4 /* ChatsService.swift */; };
		7824C8EF2229574C00D862DE /* AppDelegate.swift in Sources */ = {isa = PBXBuildFile; fileRef = 7824C8EE2229574C00D862DE /* AppDelegate.swift */; };
		7824C8F62229574D00D862DE /* Assets.xcassets in Resources */ = {isa = PBXBuildFile; fileRef = 7824C8F52229574D00D862DE /* Assets.xcassets */; };
		7824C8F92229574D00D862DE /* LaunchScreen.storyboard in Resources */ = {isa = PBXBuildFile; fileRef = 7824C8F72229574D00D862DE /* LaunchScreen.storyboard */; };
		7824C90822295D6C00D862DE /* App.swift in Sources */ = {isa = PBXBuildFile; fileRef = 7824C90722295D6C00D862DE /* App.swift */; };
		7824C90A22295F3700D862DE /* ILaunchAppManager.swift in Sources */ = {isa = PBXBuildFile; fileRef = 7824C90922295F3700D862DE /* ILaunchAppManager.swift */; };
		7824C90C22295F4B00D862DE /* LaunchAppManager.swift in Sources */ = {isa = PBXBuildFile; fileRef = 7824C90B22295F4B00D862DE /* LaunchAppManager.swift */; };
		7824C9102229602100D862DE /* IChatsRouter.swift in Sources */ = {isa = PBXBuildFile; fileRef = 7824C90F2229602100D862DE /* IChatsRouter.swift */; };
		7824C9122229602E00D862DE /* ChatsRouter.swift in Sources */ = {isa = PBXBuildFile; fileRef = 7824C9112229602E00D862DE /* ChatsRouter.swift */; };
		7824C9172229666000D862DE /* ApplicationAssembly.swift in Sources */ = {isa = PBXBuildFile; fileRef = 7824C9162229666000D862DE /* ApplicationAssembly.swift */; };
		7824C9192229687100D862DE /* ManagerAssembly.swift in Sources */ = {isa = PBXBuildFile; fileRef = 7824C9182229687100D862DE /* ManagerAssembly.swift */; };
		7824C91B222968E000D862DE /* RouterAssembly.swift in Sources */ = {isa = PBXBuildFile; fileRef = 7824C91A222968E000D862DE /* RouterAssembly.swift */; };
		787FDB26222ABB1C0010F3CF /* Chats.storyboard in Resources */ = {isa = PBXBuildFile; fileRef = 787FDB25222ABB1C0010F3CF /* Chats.storyboard */; };
		787FDB28222ABB410010F3CF /* ChatsViewController.swift in Sources */ = {isa = PBXBuildFile; fileRef = 787FDB27222ABB410010F3CF /* ChatsViewController.swift */; };
		787FDB2C222ABBB40010F3CF /* IChatsViewModel.swift in Sources */ = {isa = PBXBuildFile; fileRef = 787FDB2B222ABBB40010F3CF /* IChatsViewModel.swift */; };
		787FDB2E222ABC7A0010F3CF /* ChatsViewModel.swift in Sources */ = {isa = PBXBuildFile; fileRef = 787FDB2D222ABC7A0010F3CF /* ChatsViewModel.swift */; };
		959F5CD1D9E0A92C95CB2EA2 /* Pods_VKMessageModule.framework in Frameworks */ = {isa = PBXBuildFile; fileRef = 77051203B9AA4D9DA749DA39 /* Pods_VKMessageModule.framework */; };
/* End PBXBuildFile section */

/* Begin PBXFileReference section */
		30FF4CF37772E956BC85390C /* Pods-VKMessageModule.release.xcconfig */ = {isa = PBXFileReference; includeInIndex = 1; lastKnownFileType = text.xcconfig; name = "Pods-VKMessageModule.release.xcconfig"; path = "Pods/Target Support Files/Pods-VKMessageModule/Pods-VKMessageModule.release.xcconfig"; sourceTree = "<group>"; };
		77051203B9AA4D9DA749DA39 /* Pods_VKMessageModule.framework */ = {isa = PBXFileReference; explicitFileType = wrapper.framework; includeInIndex = 0; path = Pods_VKMessageModule.framework; sourceTree = BUILT_PRODUCTS_DIR; };
		781268DE223021A900DE91B4 /* UIViewController+StoryboardID.swift */ = {isa = PBXFileReference; lastKnownFileType = sourcecode.swift; path = "UIViewController+StoryboardID.swift"; sourceTree = "<group>"; };
		781268E0223021D100DE91B4 /* StoryboardName.swift */ = {isa = PBXFileReference; lastKnownFileType = sourcecode.swift; path = StoryboardName.swift; sourceTree = "<group>"; };
		781268E4223022F700DE91B4 /* IChatsService.swift */ = {isa = PBXFileReference; lastKnownFileType = sourcecode.swift; path = IChatsService.swift; sourceTree = "<group>"; };
		781268E62230232D00DE91B4 /* ServiceAssembly.swift */ = {isa = PBXFileReference; lastKnownFileType = sourcecode.swift; path = ServiceAssembly.swift; sourceTree = "<group>"; };
		781268E82230235900DE91B4 /* ChatsService.swift */ = {isa = PBXFileReference; lastKnownFileType = sourcecode.swift; path = ChatsService.swift; sourceTree = "<group>"; };
		7824C8EB2229574C00D862DE /* VKMessageModule.app */ = {isa = PBXFileReference; explicitFileType = wrapper.application; includeInIndex = 0; path = VKMessageModule.app; sourceTree = BUILT_PRODUCTS_DIR; };
		7824C8EE2229574C00D862DE /* AppDelegate.swift */ = {isa = PBXFileReference; lastKnownFileType = sourcecode.swift; path = AppDelegate.swift; sourceTree = "<group>"; };
		7824C8F52229574D00D862DE /* Assets.xcassets */ = {isa = PBXFileReference; lastKnownFileType = folder.assetcatalog; path = Assets.xcassets; sourceTree = "<group>"; };
		7824C8F82229574D00D862DE /* Base */ = {isa = PBXFileReference; lastKnownFileType = file.storyboard; name = Base; path = Base.lproj/LaunchScreen.storyboard; sourceTree = "<group>"; };
		7824C8FA2229574D00D862DE /* Info.plist */ = {isa = PBXFileReference; lastKnownFileType = text.plist.xml; path = Info.plist; sourceTree = "<group>"; };
		7824C90722295D6C00D862DE /* App.swift */ = {isa = PBXFileReference; lastKnownFileType = sourcecode.swift; path = App.swift; sourceTree = "<group>"; };
		7824C90922295F3700D862DE /* ILaunchAppManager.swift */ = {isa = PBXFileReference; lastKnownFileType = sourcecode.swift; path = ILaunchAppManager.swift; sourceTree = "<group>"; };
		7824C90B22295F4B00D862DE /* LaunchAppManager.swift */ = {isa = PBXFileReference; lastKnownFileType = sourcecode.swift; path = LaunchAppManager.swift; sourceTree = "<group>"; };
		7824C90F2229602100D862DE /* IChatsRouter.swift */ = {isa = PBXFileReference; lastKnownFileType = sourcecode.swift; path = IChatsRouter.swift; sourceTree = "<group>"; };
		7824C9112229602E00D862DE /* ChatsRouter.swift */ = {isa = PBXFileReference; lastKnownFileType = sourcecode.swift; path = ChatsRouter.swift; sourceTree = "<group>"; };
		7824C9162229666000D862DE /* ApplicationAssembly.swift */ = {isa = PBXFileReference; lastKnownFileType = sourcecode.swift; path = ApplicationAssembly.swift; sourceTree = "<group>"; };
		7824C9182229687100D862DE /* ManagerAssembly.swift */ = {isa = PBXFileReference; lastKnownFileType = sourcecode.swift; path = ManagerAssembly.swift; sourceTree = "<group>"; };
		7824C91A222968E000D862DE /* RouterAssembly.swift */ = {isa = PBXFileReference; lastKnownFileType = sourcecode.swift; path = RouterAssembly.swift; sourceTree = "<group>"; };
		787FDB25222ABB1C0010F3CF /* Chats.storyboard */ = {isa = PBXFileReference; lastKnownFileType = file.storyboard; path = Chats.storyboard; sourceTree = "<group>"; };
		787FDB27222ABB410010F3CF /* ChatsViewController.swift */ = {isa = PBXFileReference; lastKnownFileType = sourcecode.swift; path = ChatsViewController.swift; sourceTree = "<group>"; };
		787FDB2B222ABBB40010F3CF /* IChatsViewModel.swift */ = {isa = PBXFileReference; lastKnownFileType = sourcecode.swift; path = IChatsViewModel.swift; sourceTree = "<group>"; };
		787FDB2D222ABC7A0010F3CF /* ChatsViewModel.swift */ = {isa = PBXFileReference; lastKnownFileType = sourcecode.swift; path = ChatsViewModel.swift; sourceTree = "<group>"; };
		80B18A0C0E0B1EA754682ABF /* Pods-VKMessageModule.release.xcconfig */ = {isa = PBXFileReference; includeInIndex = 1; lastKnownFileType = text.xcconfig; name = "Pods-VKMessageModule.release.xcconfig"; path = "Target Support Files/Pods-VKMessageModule/Pods-VKMessageModule.release.xcconfig"; sourceTree = "<group>"; };
		AE7BAD440A43BF913B8955CE /* Pods-VKMessageModule.debug.xcconfig */ = {isa = PBXFileReference; includeInIndex = 1; lastKnownFileType = text.xcconfig; name = "Pods-VKMessageModule.debug.xcconfig"; path = "Pods/Target Support Files/Pods-VKMessageModule/Pods-VKMessageModule.debug.xcconfig"; sourceTree = "<group>"; };
		D7D76CB0B8DE17BB2D472EBF /* Pods-VKMessageModule.debug.xcconfig */ = {isa = PBXFileReference; includeInIndex = 1; lastKnownFileType = text.xcconfig; name = "Pods-VKMessageModule.debug.xcconfig"; path = "Target Support Files/Pods-VKMessageModule/Pods-VKMessageModule.debug.xcconfig"; sourceTree = "<group>"; };
/* End PBXFileReference section */

/* Begin PBXFrameworksBuildPhase section */
		7824C8E82229574C00D862DE /* Frameworks */ = {
			isa = PBXFrameworksBuildPhase;
			buildActionMask = 2147483647;
			files = (
				959F5CD1D9E0A92C95CB2EA2 /* Pods_VKMessageModule.framework in Frameworks */,
			);
			runOnlyForDeploymentPostprocessing = 0;
		};
/* End PBXFrameworksBuildPhase section */

/* Begin PBXGroup section */
		430E938E9556903AB719C7D5 /* Frameworks */ = {
			isa = PBXGroup;
			children = (
				77051203B9AA4D9DA749DA39 /* Pods_VKMessageModule.framework */,
			);
			name = Frameworks;
			sourceTree = "<group>";
		};
		781268DD2230219500DE91B4 /* Common */ = {
			isa = PBXGroup;
			children = (
				781268E0223021D100DE91B4 /* StoryboardName.swift */,
				781268DE223021A900DE91B4 /* UIViewController+StoryboardID.swift */,
			);
			path = Common;
			sourceTree = "<group>";
		};
		781268E2223022BA00DE91B4 /* Services */ = {
			isa = PBXGroup;
			children = (
				781268E3223022D000DE91B4 /* ChatsService */,
			);
			path = Services;
			sourceTree = "<group>";
		};
		781268E3223022D000DE91B4 /* ChatsService */ = {
			isa = PBXGroup;
			children = (
				781268E4223022F700DE91B4 /* IChatsService.swift */,
				781268E82230235900DE91B4 /* ChatsService.swift */,
			);
			path = ChatsService;
			sourceTree = "<group>";
		};
		7824C8E22229574C00D862DE = {
			isa = PBXGroup;
			children = (
				7824C8ED2229574C00D862DE /* VKMessageModule */,
				7824C8EC2229574C00D862DE /* Products */,
				FCB2C18CF7F24E217CE4D5D7 /* Pods */,
				430E938E9556903AB719C7D5 /* Frameworks */,
			);
			sourceTree = "<group>";
		};
		7824C8EC2229574C00D862DE /* Products */ = {
			isa = PBXGroup;
			children = (
				7824C8EB2229574C00D862DE /* VKMessageModule.app */,
			);
			name = Products;
			sourceTree = "<group>";
		};
		7824C8ED2229574C00D862DE /* VKMessageModule */ = {
			isa = PBXGroup;
			children = (
				7824C90022295A5400D862DE /* Business logic */,
				7824C90122295A5E00D862DE /* Model */,
				7824C90222295A7C00D862DE /* Presentation */,
				7824C90322295A8E00D862DE /* Resources */,
				7824C90422295AA100D862DE /* Supporting files */,
			);
			path = VKMessageModule;
			sourceTree = "<group>";
		};
		7824C90022295A5400D862DE /* Business logic */ = {
			isa = PBXGroup;
			children = (
				7824C8EE2229574C00D862DE /* AppDelegate.swift */,
				7824C90722295D6C00D862DE /* App.swift */,
				7824C90622295D4900D862DE /* Assemblies */,
				7824C90522295D3500D862DE /* Manager */,
				7824C90D22295F9C00D862DE /* Routers */,
				781268E2223022BA00DE91B4 /* Services */,
			);
			path = "Business logic";
			sourceTree = "<group>";
		};
		7824C90122295A5E00D862DE /* Model */ = {
			isa = PBXGroup;
			children = (
			);
			path = Model;
			sourceTree = "<group>";
		};
		7824C90222295A7C00D862DE /* Presentation */ = {
			isa = PBXGroup;
			children = (
				781268DD2230219500DE91B4 /* Common */,
				787FDB24222ABAAD0010F3CF /* Chats */,
			);
			path = Presentation;
			sourceTree = "<group>";
		};
		7824C90322295A8E00D862DE /* Resources */ = {
			isa = PBXGroup;
			children = (
				7824C8F52229574D00D862DE /* Assets.xcassets */,
				7824C8F72229574D00D862DE /* LaunchScreen.storyboard */,
			);
			path = Resources;
			sourceTree = "<group>";
		};
		7824C90422295AA100D862DE /* Supporting files */ = {
			isa = PBXGroup;
			children = (
				7824C8FA2229574D00D862DE /* Info.plist */,
			);
			path = "Supporting files";
			sourceTree = "<group>";
		};
		7824C90522295D3500D862DE /* Manager */ = {
			isa = PBXGroup;
			children = (
				7824C90922295F3700D862DE /* ILaunchAppManager.swift */,
				7824C90B22295F4B00D862DE /* LaunchAppManager.swift */,
			);
			path = Manager;
			sourceTree = "<group>";
		};
		7824C90622295D4900D862DE /* Assemblies */ = {
			isa = PBXGroup;
			children = (
				7824C9162229666000D862DE /* ApplicationAssembly.swift */,
				7824C9182229687100D862DE /* ManagerAssembly.swift */,
				7824C91A222968E000D862DE /* RouterAssembly.swift */,
				781268E62230232D00DE91B4 /* ServiceAssembly.swift */,
			);
			path = Assemblies;
			sourceTree = "<group>";
		};
		7824C90D22295F9C00D862DE /* Routers */ = {
			isa = PBXGroup;
			children = (
				7824C90E22295FF300D862DE /* ChatsRouter */,
			);
			path = Routers;
			sourceTree = "<group>";
		};
		7824C90E22295FF300D862DE /* ChatsRouter */ = {
			isa = PBXGroup;
			children = (
				7824C90F2229602100D862DE /* IChatsRouter.swift */,
				7824C9112229602E00D862DE /* ChatsRouter.swift */,
			);
			path = ChatsRouter;
			sourceTree = "<group>";
		};
		787FDB24222ABAAD0010F3CF /* Chats */ = {
			isa = PBXGroup;
			children = (
				787FDB25222ABB1C0010F3CF /* Chats.storyboard */,
				787FDB27222ABB410010F3CF /* ChatsViewController.swift */,
				787FDB29222ABB460010F3CF /* ViewModel */,
			);
			path = Chats;
			sourceTree = "<group>";
		};
		787FDB29222ABB460010F3CF /* ViewModel */ = {
			isa = PBXGroup;
			children = (
				787FDB2B222ABBB40010F3CF /* IChatsViewModel.swift */,
				787FDB2D222ABC7A0010F3CF /* ChatsViewModel.swift */,
			);
			path = ViewModel;
			sourceTree = "<group>";
		};
		FCB2C18CF7F24E217CE4D5D7 /* Pods */ = {
			isa = PBXGroup;
			children = (
				D7D76CB0B8DE17BB2D472EBF /* Pods-VKMessageModule.debug.xcconfig */,
				80B18A0C0E0B1EA754682ABF /* Pods-VKMessageModule.release.xcconfig */,
				AE7BAD440A43BF913B8955CE /* Pods-VKMessageModule.debug.xcconfig */,
				30FF4CF37772E956BC85390C /* Pods-VKMessageModule.release.xcconfig */,
			);
			path = Pods;
			sourceTree = "<group>";
		};
/* End PBXGroup section */

/* Begin PBXNativeTarget section */
		7824C8EA2229574C00D862DE /* VKMessageModule */ = {
			isa = PBXNativeTarget;
			buildConfigurationList = 7824C8FD2229574D00D862DE /* Build configuration list for PBXNativeTarget "VKMessageModule" */;
			buildPhases = (
				D17B24A119C91BCE042DC07B /* [CP] Check Pods Manifest.lock */,
				7824C8E72229574C00D862DE /* Sources */,
				7824C8E82229574C00D862DE /* Frameworks */,
				7824C8E92229574C00D862DE /* Resources */,
				7824C9152229662600D862DE /* Run SwiftLint */,
				AEBB27E6441F834BBF6D285D /* [CP] Embed Pods Frameworks */,
			);
			buildRules = (
			);
			dependencies = (
			);
			name = VKMessageModule;
			productName = VKMessageModule;
			productReference = 7824C8EB2229574C00D862DE /* VKMessageModule.app */;
			productType = "com.apple.product-type.application";
		};
/* End PBXNativeTarget section */

/* Begin PBXProject section */
		7824C8E32229574C00D862DE /* Project object */ = {
			isa = PBXProject;
			attributes = {
				LastSwiftUpdateCheck = 1010;
				LastUpgradeCheck = 1010;
				ORGANIZATIONNAME = Igor;
				TargetAttributes = {
					7824C8EA2229574C00D862DE = {
						CreatedOnToolsVersion = 10.1;
					};
				};
			};
			buildConfigurationList = 7824C8E62229574C00D862DE /* Build configuration list for PBXProject "VKMessageModule" */;
			compatibilityVersion = "Xcode 9.3";
			developmentRegion = en;
			hasScannedForEncodings = 0;
			knownRegions = (
				en,
				Base,
			);
			mainGroup = 7824C8E22229574C00D862DE;
			productRefGroup = 7824C8EC2229574C00D862DE /* Products */;
			projectDirPath = "";
			projectRoot = "";
			targets = (
				7824C8EA2229574C00D862DE /* VKMessageModule */,
			);
		};
/* End PBXProject section */

/* Begin PBXResourcesBuildPhase section */
		7824C8E92229574C00D862DE /* Resources */ = {
			isa = PBXResourcesBuildPhase;
			buildActionMask = 2147483647;
			files = (
				787FDB26222ABB1C0010F3CF /* Chats.storyboard in Resources */,
				7824C8F92229574D00D862DE /* LaunchScreen.storyboard in Resources */,
				7824C8F62229574D00D862DE /* Assets.xcassets in Resources */,
			);
			runOnlyForDeploymentPostprocessing = 0;
		};
/* End PBXResourcesBuildPhase section */

/* Begin PBXShellScriptBuildPhase section */
		7824C9152229662600D862DE /* Run SwiftLint */ = {
			isa = PBXShellScriptBuildPhase;
			buildActionMask = 2147483647;
			files = (
			);
			inputFileListPaths = (
			);
			inputPaths = (
			);
			name = "Run SwiftLint";
			outputFileListPaths = (
			);
			outputPaths = (
			);
			runOnlyForDeploymentPostprocessing = 0;
			shellPath = /bin/sh;
			shellScript = "\"${PODS_ROOT}/SwiftLint/swiftlint\" --config \"${SRCROOT}/swiftlint.yml\"\n";
		};
		AEBB27E6441F834BBF6D285D /* [CP] Embed Pods Frameworks */ = {
			isa = PBXShellScriptBuildPhase;
			buildActionMask = 2147483647;
			files = (
			);
			inputFileListPaths = (
			);
			inputPaths = (
				"${PODS_ROOT}/Target Support Files/Pods-VKMessageModule/Pods-VKMessageModule-frameworks.sh",
				"${BUILT_PRODUCTS_DIR}/Swinject/Swinject.framework",
			);
			name = "[CP] Embed Pods Frameworks";
			outputFileListPaths = (
			);
			outputPaths = (
				"${TARGET_BUILD_DIR}/${FRAMEWORKS_FOLDER_PATH}/Swinject.framework",
			);
			runOnlyForDeploymentPostprocessing = 0;
			shellPath = /bin/sh;
			shellScript = "\"${PODS_ROOT}/Target Support Files/Pods-VKMessageModule/Pods-VKMessageModule-frameworks.sh\"\n";
			showEnvVarsInLog = 0;
		};
		D17B24A119C91BCE042DC07B /* [CP] Check Pods Manifest.lock */ = {
			isa = PBXShellScriptBuildPhase;
			buildActionMask = 2147483647;
			files = (
			);
			inputFileListPaths = (
			);
			inputPaths = (
				"${PODS_PODFILE_DIR_PATH}/Podfile.lock",
				"${PODS_ROOT}/Manifest.lock",
			);
			name = "[CP] Check Pods Manifest.lock";
			outputFileListPaths = (
			);
			outputPaths = (
				"$(DERIVED_FILE_DIR)/Pods-VKMessageModule-checkManifestLockResult.txt",
			);
			runOnlyForDeploymentPostprocessing = 0;
			shellPath = /bin/sh;
			shellScript = "diff \"${PODS_PODFILE_DIR_PATH}/Podfile.lock\" \"${PODS_ROOT}/Manifest.lock\" > /dev/null\nif [ $? != 0 ] ; then\n    # print error to STDERR\n    echo \"error: The sandbox is not in sync with the Podfile.lock. Run 'pod install' or update your CocoaPods installation.\" >&2\n    exit 1\nfi\n# This output is used by Xcode 'outputs' to avoid re-running this script phase.\necho \"SUCCESS\" > \"${SCRIPT_OUTPUT_FILE_0}\"\n";
			showEnvVarsInLog = 0;
		};
/* End PBXShellScriptBuildPhase section */

/* Begin PBXSourcesBuildPhase section */
		7824C8E72229574C00D862DE /* Sources */ = {
			isa = PBXSourcesBuildPhase;
			buildActionMask = 2147483647;
			files = (
				7824C90822295D6C00D862DE /* App.swift in Sources */,
				781268E72230232D00DE91B4 /* ServiceAssembly.swift in Sources */,
				7824C9122229602E00D862DE /* ChatsRouter.swift in Sources */,
				787FDB28222ABB410010F3CF /* ChatsViewController.swift in Sources */,
				781268E5223022F700DE91B4 /* IChatsService.swift in Sources */,
				7824C8EF2229574C00D862DE /* AppDelegate.swift in Sources */,
				7824C9192229687100D862DE /* ManagerAssembly.swift in Sources */,
				7824C91B222968E000D862DE /* RouterAssembly.swift in Sources */,
				781268E92230235900DE91B4 /* ChatsService.swift in Sources */,
				7824C90A22295F3700D862DE /* ILaunchAppManager.swift in Sources */,
				7824C9172229666000D862DE /* ApplicationAssembly.swift in Sources */,
				781268DF223021A900DE91B4 /* UIViewController+StoryboardID.swift in Sources */,
				781268E1223021D100DE91B4 /* StoryboardName.swift in Sources */,
				787FDB2C222ABBB40010F3CF /* IChatsViewModel.swift in Sources */,
				787FDB2E222ABC7A0010F3CF /* ChatsViewModel.swift in Sources */,
				7824C9102229602100D862DE /* IChatsRouter.swift in Sources */,
				7824C90C22295F4B00D862DE /* LaunchAppManager.swift in Sources */,
			);
			runOnlyForDeploymentPostprocessing = 0;
		};
/* End PBXSourcesBuildPhase section */

/* Begin PBXVariantGroup section */
		7824C8F72229574D00D862DE /* LaunchScreen.storyboard */ = {
			isa = PBXVariantGroup;
			children = (
				7824C8F82229574D00D862DE /* Base */,
			);
			name = LaunchScreen.storyboard;
			sourceTree = "<group>";
		};
/* End PBXVariantGroup section */

/* Begin XCBuildConfiguration section */
		7824C8FB2229574D00D862DE /* Debug */ = {
			isa = XCBuildConfiguration;
			buildSettings = {
				ALWAYS_SEARCH_USER_PATHS = NO;
				CLANG_ANALYZER_NONNULL = YES;
				CLANG_ANALYZER_NUMBER_OBJECT_CONVERSION = YES_AGGRESSIVE;
				CLANG_CXX_LANGUAGE_STANDARD = "gnu++14";
				CLANG_CXX_LIBRARY = "libc++";
				CLANG_ENABLE_MODULES = YES;
				CLANG_ENABLE_OBJC_ARC = YES;
				CLANG_ENABLE_OBJC_WEAK = YES;
				CLANG_WARN_BLOCK_CAPTURE_AUTORELEASING = YES;
				CLANG_WARN_BOOL_CONVERSION = YES;
				CLANG_WARN_COMMA = YES;
				CLANG_WARN_CONSTANT_CONVERSION = YES;
				CLANG_WARN_DEPRECATED_OBJC_IMPLEMENTATIONS = YES;
				CLANG_WARN_DIRECT_OBJC_ISA_USAGE = YES_ERROR;
				CLANG_WARN_DOCUMENTATION_COMMENTS = YES;
				CLANG_WARN_EMPTY_BODY = YES;
				CLANG_WARN_ENUM_CONVERSION = YES;
				CLANG_WARN_INFINITE_RECURSION = YES;
				CLANG_WARN_INT_CONVERSION = YES;
				CLANG_WARN_NON_LITERAL_NULL_CONVERSION = YES;
				CLANG_WARN_OBJC_IMPLICIT_RETAIN_SELF = YES;
				CLANG_WARN_OBJC_LITERAL_CONVERSION = YES;
				CLANG_WARN_OBJC_ROOT_CLASS = YES_ERROR;
				CLANG_WARN_RANGE_LOOP_ANALYSIS = YES;
				CLANG_WARN_STRICT_PROTOTYPES = YES;
				CLANG_WARN_SUSPICIOUS_MOVE = YES;
				CLANG_WARN_UNGUARDED_AVAILABILITY = YES_AGGRESSIVE;
				CLANG_WARN_UNREACHABLE_CODE = YES;
				CLANG_WARN__DUPLICATE_METHOD_MATCH = YES;
				CODE_SIGN_IDENTITY = "iPhone Developer";
				COPY_PHASE_STRIP = NO;
				DEBUG_INFORMATION_FORMAT = dwarf;
				ENABLE_STRICT_OBJC_MSGSEND = YES;
				ENABLE_TESTABILITY = YES;
				GCC_C_LANGUAGE_STANDARD = gnu11;
				GCC_DYNAMIC_NO_PIC = NO;
				GCC_NO_COMMON_BLOCKS = YES;
				GCC_OPTIMIZATION_LEVEL = 0;
				GCC_PREPROCESSOR_DEFINITIONS = (
					"DEBUG=1",
					"$(inherited)",
				);
				GCC_WARN_64_TO_32_BIT_CONVERSION = YES;
				GCC_WARN_ABOUT_RETURN_TYPE = YES_ERROR;
				GCC_WARN_UNDECLARED_SELECTOR = YES;
				GCC_WARN_UNINITIALIZED_AUTOS = YES_AGGRESSIVE;
				GCC_WARN_UNUSED_FUNCTION = YES;
				GCC_WARN_UNUSED_VARIABLE = YES;
				IPHONEOS_DEPLOYMENT_TARGET = 12.1;
				MTL_ENABLE_DEBUG_INFO = INCLUDE_SOURCE;
				MTL_FAST_MATH = YES;
				ONLY_ACTIVE_ARCH = YES;
				SDKROOT = iphoneos;
				SWIFT_ACTIVE_COMPILATION_CONDITIONS = DEBUG;
				SWIFT_OPTIMIZATION_LEVEL = "-Onone";
			};
			name = Debug;
		};
		7824C8FC2229574D00D862DE /* Release */ = {
			isa = XCBuildConfiguration;
			buildSettings = {
				ALWAYS_SEARCH_USER_PATHS = NO;
				CLANG_ANALYZER_NONNULL = YES;
				CLANG_ANALYZER_NUMBER_OBJECT_CONVERSION = YES_AGGRESSIVE;
				CLANG_CXX_LANGUAGE_STANDARD = "gnu++14";
				CLANG_CXX_LIBRARY = "libc++";
				CLANG_ENABLE_MODULES = YES;
				CLANG_ENABLE_OBJC_ARC = YES;
				CLANG_ENABLE_OBJC_WEAK = YES;
				CLANG_WARN_BLOCK_CAPTURE_AUTORELEASING = YES;
				CLANG_WARN_BOOL_CONVERSION = YES;
				CLANG_WARN_COMMA = YES;
				CLANG_WARN_CONSTANT_CONVERSION = YES;
				CLANG_WARN_DEPRECATED_OBJC_IMPLEMENTATIONS = YES;
				CLANG_WARN_DIRECT_OBJC_ISA_USAGE = YES_ERROR;
				CLANG_WARN_DOCUMENTATION_COMMENTS = YES;
				CLANG_WARN_EMPTY_BODY = YES;
				CLANG_WARN_ENUM_CONVERSION = YES;
				CLANG_WARN_INFINITE_RECURSION = YES;
				CLANG_WARN_INT_CONVERSION = YES;
				CLANG_WARN_NON_LITERAL_NULL_CONVERSION = YES;
				CLANG_WARN_OBJC_IMPLICIT_RETAIN_SELF = YES;
				CLANG_WARN_OBJC_LITERAL_CONVERSION = YES;
				CLANG_WARN_OBJC_ROOT_CLASS = YES_ERROR;
				CLANG_WARN_RANGE_LOOP_ANALYSIS = YES;
				CLANG_WARN_STRICT_PROTOTYPES = YES;
				CLANG_WARN_SUSPICIOUS_MOVE = YES;
				CLANG_WARN_UNGUARDED_AVAILABILITY = YES_AGGRESSIVE;
				CLANG_WARN_UNREACHABLE_CODE = YES;
				CLANG_WARN__DUPLICATE_METHOD_MATCH = YES;
				CODE_SIGN_IDENTITY = "iPhone Developer";
				COPY_PHASE_STRIP = NO;
				DEBUG_INFORMATION_FORMAT = "dwarf-with-dsym";
				ENABLE_NS_ASSERTIONS = NO;
				ENABLE_STRICT_OBJC_MSGSEND = YES;
				GCC_C_LANGUAGE_STANDARD = gnu11;
				GCC_NO_COMMON_BLOCKS = YES;
				GCC_WARN_64_TO_32_BIT_CONVERSION = YES;
				GCC_WARN_ABOUT_RETURN_TYPE = YES_ERROR;
				GCC_WARN_UNDECLARED_SELECTOR = YES;
				GCC_WARN_UNINITIALIZED_AUTOS = YES_AGGRESSIVE;
				GCC_WARN_UNUSED_FUNCTION = YES;
				GCC_WARN_UNUSED_VARIABLE = YES;
				IPHONEOS_DEPLOYMENT_TARGET = 12.1;
				MTL_ENABLE_DEBUG_INFO = NO;
				MTL_FAST_MATH = YES;
				SDKROOT = iphoneos;
				SWIFT_COMPILATION_MODE = wholemodule;
				SWIFT_OPTIMIZATION_LEVEL = "-O";
				VALIDATE_PRODUCT = YES;
			};
			name = Release;
		};
		7824C8FE2229574D00D862DE /* Debug */ = {
			isa = XCBuildConfiguration;
			baseConfigurationReference = D7D76CB0B8DE17BB2D472EBF /* Pods-VKMessageModule.debug.xcconfig */;
			buildSettings = {
				ASSETCATALOG_COMPILER_APPICON_NAME = AppIcon;
				CODE_SIGN_STYLE = Automatic;
				DEVELOPMENT_TEAM = 5UUPXMS4ZT;
				INFOPLIST_FILE = "$(SRCROOT)/VKMessageModule/Supporting files/Info.plist";
				LD_RUNPATH_SEARCH_PATHS = (
					"$(inherited)",
					"@executable_path/Frameworks",
				);
				PRODUCT_BUNDLE_IDENTIFIER = home.VKMessageModule;
				PRODUCT_NAME = "$(TARGET_NAME)";
				SWIFT_VERSION = 4.2;
				TARGETED_DEVICE_FAMILY = "1,2";
			};
			name = Debug;
		};
		7824C8FF2229574D00D862DE /* Release */ = {
			isa = XCBuildConfiguration;
			baseConfigurationReference = 80B18A0C0E0B1EA754682ABF /* Pods-VKMessageModule.release.xcconfig */;
			buildSettings = {
				ASSETCATALOG_COMPILER_APPICON_NAME = AppIcon;
				CODE_SIGN_STYLE = Automatic;
				DEVELOPMENT_TEAM = 5UUPXMS4ZT;
				INFOPLIST_FILE = "$(SRCROOT)/VKMessageModule/Supporting files/Info.plist";
				LD_RUNPATH_SEARCH_PATHS = (
					"$(inherited)",
					"@executable_path/Frameworks",
				);
				PRODUCT_BUNDLE_IDENTIFIER = home.VKMessageModule;
				PRODUCT_NAME = "$(TARGET_NAME)";
				SWIFT_VERSION = 4.2;
				TARGETED_DEVICE_FAMILY = "1,2";
			};
			name = Release;
		};
/* End XCBuildConfiguration section */

/* Begin XCConfigurationList section */
		7824C8E62229574C00D862DE /* Build configuration list for PBXProject "VKMessageModule" */ = {
			isa = XCConfigurationList;
			buildConfigurations = (
				7824C8FB2229574D00D862DE /* Debug */,
				7824C8FC2229574D00D862DE /* Release */,
			);
			defaultConfigurationIsVisible = 0;
			defaultConfigurationName = Release;
		};
		7824C8FD2229574D00D862DE /* Build configuration list for PBXNativeTarget "VKMessageModule" */ = {
			isa = XCConfigurationList;
			buildConfigurations = (
				7824C8FE2229574D00D862DE /* Debug */,
				7824C8FF2229574D00D862DE /* Release */,
			);
			defaultConfigurationIsVisible = 0;
			defaultConfigurationName = Release;
		};
/* End XCConfigurationList section */
	};
	rootObject = 7824C8E32229574C00D862DE /* Project object */;
}
